
Microsoft Visual Studio Solution File, Format Version 12.00
# Visual Studio Version 16
VisualStudioVersion = 16.0.30320.27
MinimumVisualStudioVersion = 10.0.40219.1
Project("{9A19103F-16F7-4668-BE54-9A1E7A4F7556}") = "Letters", "Letters.csproj", "{3F2291B6-B787-4255-AB61-84E07C3371F3}"
EndProject
Global
	GlobalSection(SolutionConfigurationPlatforms) = preSolution
		Debug|Any CPU = Debug|Any CPU
		Release|Any CPU = Release|Any CPU
	EndGlobalSection
	GlobalSection(ProjectConfigurationPlatforms) = postSolution
		{3F2291B6-B787-4255-AB61-84E07C3371F3}.Debug|Any CPU.ActiveCfg = Debug|Any CPU
		{3F2291B6-B787-4255-AB61-84E07C3371F3}.Debug|Any CPU.Build.0 = Debug|Any CPU
		{3F2291B6-B787-4255-AB61-84E07C3371F3}.Release|Any CPU.ActiveCfg = Release|Any CPU
		{3F2291B6-B787-4255-AB61-84E07C3371F3}.Release|Any CPU.Build.0 = Release|Any CPU
	EndGlobalSection
	GlobalSection(SolutionProperties) = preSolution
		HideSolutionNode = FALSE
	EndGlobalSection
	GlobalSection(ExtensibilityGlobals) = postSolution
		SolutionGuid = {F5BE5044-3CCB-4117-9896-C8803C6F7FFF}
	EndGlobalSection
EndGlobal
